
Microsoft Visual Studio Solution File, Format Version 12.00
# Visual Studio Version 16
VisualStudioVersion = 16.0.29215.179
MinimumVisualStudioVersion = 10.0.40219.1
Project("{FAE04EC0-301F-11D3-BF4B-00C04F79EFBC}") = "GuessMyNumberGame", "GuessMyNumberGame\GuessMyNumberGame.csproj", "{2F742478-586D-4990-8765-E36203179E16}"
EndProject
Global
	GlobalSection(SolutionConfigurationPlatforms) = preSolution
		Debug|Any CPU = Debug|Any CPU
		Release|Any CPU = Release|Any CPU
	EndGlobalSection
	GlobalSection(ProjectConfigurationPlatforms) = postSolution
		{2F742478-586D-4990-8765-E36203179E16}.Debug|Any CPU.ActiveCfg = Debug|Any CPU
		{2F742478-586D-4990-8765-E36203179E16}.Debug|Any CPU.Build.0 = Debug|Any CPU
		{2F742478-586D-4990-8765-E36203179E16}.Release|Any CPU.ActiveCfg = Release|Any CPU
		{2F742478-586D-4990-8765-E36203179E16}.Release|Any CPU.Build.0 = Release|Any CPU
	EndGlobalSection
	GlobalSection(SolutionProperties) = preSolution
		HideSolutionNode = FALSE
	EndGlobalSection
	GlobalSection(ExtensibilityGlobals) = postSolution
		SolutionGuid = {1CEB56A2-F277-4A6C-B1EE-1EDDA6609E14}
	EndGlobalSection
EndGlobal
